
Microsoft Visual Studio Solution File, Format Version 12.00
# Visual Studio 15
VisualStudioVersion = 15.0.28307.852
MinimumVisualStudioVersion = 10.0.40219.1
Project("{FAE04EC0-301F-11D3-BF4B-00C04F79EFBC}") = "Dynamics-AX-Payroll-US", "Dynamics-AX-Payroll-US\Dynamics-AX-Payroll-US.csproj", "{2F466601-AC8B-4258-A9EC-16284690A941}"
EndProject
Global
	GlobalSection(SolutionConfigurationPlatforms) = preSolution
		Debug|Any CPU = Debug|Any CPU
		Release|Any CPU = Release|Any CPU
	EndGlobalSection
	GlobalSection(ProjectConfigurationPlatforms) = postSolution
		{2F466601-AC8B-4258-A9EC-16284690A941}.Debug|Any CPU.ActiveCfg = Debug|Any CPU
		{2F466601-AC8B-4258-A9EC-16284690A941}.Debug|Any CPU.Build.0 = Debug|Any CPU
		{2F466601-AC8B-4258-A9EC-16284690A941}.Release|Any CPU.ActiveCfg = Release|Any CPU
		{2F466601-AC8B-4258-A9EC-16284690A941}.Release|Any CPU.Build.0 = Release|Any CPU
	EndGlobalSection
	GlobalSection(SolutionProperties) = preSolution
		HideSolutionNode = FALSE
	EndGlobalSection
	GlobalSection(ExtensibilityGlobals) = postSolution
		SolutionGuid = {41200A92-409C-44B0-B1FE-0CD46703E860}
	EndGlobalSection
EndGlobal
